
Microsoft Visual Studio Solution File, Format Version 12.00
# Visual Studio 15
VisualStudioVersion = 15.0.28307.1000
MinimumVisualStudioVersion = 10.0.40219.1
Project("{FAE04EC0-301F-11D3-BF4B-00C04F79EFBC}") = "JIT Interpreter", "JIT Interpreter\JIT Interpreter.csproj", "{8C0B0527-93DE-4C23-9AB6-BAE134AAFF5F}"
EndProject
Project("{FAE04EC0-301F-11D3-BF4B-00C04F79EFBC}") = "Tokeniser", "Lexer\Tokeniser.csproj", "{A6598B4F-58AD-4B31-946E-B43F9C3526B9}"
EndProject
Global
	GlobalSection(SolutionConfigurationPlatforms) = preSolution
		Debug|Any CPU = Debug|Any CPU
		Release|Any CPU = Release|Any CPU
	EndGlobalSection
	GlobalSection(ProjectConfigurationPlatforms) = postSolution
		{8C0B0527-93DE-4C23-9AB6-BAE134AAFF5F}.Debug|Any CPU.ActiveCfg = Debug|Any CPU
		{8C0B0527-93DE-4C23-9AB6-BAE134AAFF5F}.Debug|Any CPU.Build.0 = Debug|Any CPU
		{8C0B0527-93DE-4C23-9AB6-BAE134AAFF5F}.Release|Any CPU.ActiveCfg = Release|Any CPU
		{8C0B0527-93DE-4C23-9AB6-BAE134AAFF5F}.Release|Any CPU.Build.0 = Release|Any CPU
		{A6598B4F-58AD-4B31-946E-B43F9C3526B9}.Debug|Any CPU.ActiveCfg = Debug|Any CPU
		{A6598B4F-58AD-4B31-946E-B43F9C3526B9}.Debug|Any CPU.Build.0 = Debug|Any CPU
		{A6598B4F-58AD-4B31-946E-B43F9C3526B9}.Release|Any CPU.ActiveCfg = Release|Any CPU
		{A6598B4F-58AD-4B31-946E-B43F9C3526B9}.Release|Any CPU.Build.0 = Release|Any CPU
	EndGlobalSection
	GlobalSection(SolutionProperties) = preSolution
		HideSolutionNode = FALSE
	EndGlobalSection
	GlobalSection(ExtensibilityGlobals) = postSolution
		SolutionGuid = {68C450B6-C18A-425D-9B5D-677876DE4942}
	EndGlobalSection
EndGlobal
